
Microsoft Visual Studio Solution File, Format Version 12.00
Project("{FAE04EC0-301F-11D3-BF4B-00C04F79EFBC}") = "AnotherLanPartyClient", "AnotherLanPartyClient\AnotherLanPartyClient.csproj", "{77873007-BA98-4CD5-8BDA-380E665981FB}"
EndProject
Global
	GlobalSection(SolutionConfigurationPlatforms) = preSolution
		Debug|Any CPU = Debug|Any CPU
		Release|Any CPU = Release|Any CPU
	EndGlobalSection
	GlobalSection(ProjectConfigurationPlatforms) = postSolution
		{77873007-BA98-4CD5-8BDA-380E665981FB}.Debug|Any CPU.ActiveCfg = Debug|Any CPU
		{77873007-BA98-4CD5-8BDA-380E665981FB}.Debug|Any CPU.Build.0 = Debug|Any CPU
		{77873007-BA98-4CD5-8BDA-380E665981FB}.Release|Any CPU.ActiveCfg = Release|Any CPU
		{77873007-BA98-4CD5-8BDA-380E665981FB}.Release|Any CPU.Build.0 = Release|Any CPU
	EndGlobalSection
EndGlobal
